
Microsoft Visual Studio Solution File, Format Version 12.00
# Visual Studio Version 16
VisualStudioVersion = 16.0.28803.156
MinimumVisualStudioVersion = 10.0.40219.1
Project("{FAE04EC0-301F-11D3-BF4B-00C04F79EFBC}") = "Wumple", "Wumple\Wumple.csproj", "{77790317-E159-4382-9E0E-9D1E5C6AE204}"
EndProject
Global
	GlobalSection(SolutionConfigurationPlatforms) = preSolution
		Debug|Any CPU = Debug|Any CPU
		Release|Any CPU = Release|Any CPU
	EndGlobalSection
	GlobalSection(ProjectConfigurationPlatforms) = postSolution
		{77790317-E159-4382-9E0E-9D1E5C6AE204}.Debug|Any CPU.ActiveCfg = Debug|Any CPU
		{77790317-E159-4382-9E0E-9D1E5C6AE204}.Debug|Any CPU.Build.0 = Debug|Any CPU
		{77790317-E159-4382-9E0E-9D1E5C6AE204}.Release|Any CPU.ActiveCfg = Release|Any CPU
		{77790317-E159-4382-9E0E-9D1E5C6AE204}.Release|Any CPU.Build.0 = Release|Any CPU
	EndGlobalSection
	GlobalSection(SolutionProperties) = preSolution
		HideSolutionNode = FALSE
	EndGlobalSection
	GlobalSection(ExtensibilityGlobals) = postSolution
		SolutionGuid = {A74DF023-8683-491D-AAB8-D9961AB3335B}
	EndGlobalSection
EndGlobal
